Microsoft Visual Studio Solution File, Format Version 10.00
# Visual Studio 2008
Project("{F184B08F-C81C-45F6-A57F-5ABD9991F28F}") = "WebSolution2.Module", "WebSolution2.Module\WebSolution2.Module.vbproj", "{257CC7F8-2B19-4F4F-A198-DB312549054F}"
EndProject
Project("{F184B08F-C81C-45F6-A57F-5ABD9991F28F}") = "WebSolution2.Module.Web", "WebSolution2.Module.Web\WebSolution2.Module.Web.vbproj", "{6ED25ADE-8AD4-4EED-AB09-AB444D0D3F0D}"
EndProject
Project("{00000000-0000-0000-0000-000000000000}") = "WebSolution2.Web", "WebSolution2.Web\WebSolution2.Web.vbproj", "{10265000-E41D-4F36-88DD-353114DE2CEA}"
EndProject
Global
	GlobalSection(SolutionConfigurationPlatforms) = preSolution
		Debug|Any CPU = Debug|Any CPU
		EasyTest|Any CPU = EasyTest|Any CPU
		Release|Any CPU = Release|Any CPU
	EndGlobalSection
	GlobalSection(ProjectConfigurationPlatforms) = postSolution
		{257CC7F8-2B19-4F4F-A198-DB312549054F}.Debug|Any CPU.ActiveCfg = Debug|Any CPU
		{257CC7F8-2B19-4F4F-A198-DB312549054F}.Debug|Any CPU.Build.0 = Debug|Any CPU
		{257CC7F8-2B19-4F4F-A198-DB312549054F}.EasyTest|Any CPU.ActiveCfg = EasyTest|Any CPU
		{257CC7F8-2B19-4F4F-A198-DB312549054F}.EasyTest|Any CPU.Build.0 = EasyTest|Any CPU
		{257CC7F8-2B19-4F4F-A198-DB312549054F}.Release|Any CPU.ActiveCfg = Release|Any CPU
		{257CC7F8-2B19-4F4F-A198-DB312549054F}.Release|Any CPU.Build.0 = Release|Any CPU
		{6ED25ADE-8AD4-4EED-AB09-AB444D0D3F0D}.Debug|Any CPU.ActiveCfg = Debug|Any CPU
		{6ED25ADE-8AD4-4EED-AB09-AB444D0D3F0D}.Debug|Any CPU.Build.0 = Debug|Any CPU
		{6ED25ADE-8AD4-4EED-AB09-AB444D0D3F0D}.EasyTest|Any CPU.ActiveCfg = EasyTest|Any CPU
		{6ED25ADE-8AD4-4EED-AB09-AB444D0D3F0D}.EasyTest|Any CPU.Build.0 = EasyTest|Any CPU
		{6ED25ADE-8AD4-4EED-AB09-AB444D0D3F0D}.Release|Any CPU.ActiveCfg = Release|Any CPU
		{6ED25ADE-8AD4-4EED-AB09-AB444D0D3F0D}.Release|Any CPU.Build.0 = Release|Any CPU
		{10265000-E41D-4F36-88DD-353114DE2CEA}.Debug|Any CPU.ActiveCfg = Debug|Any CPU
		{10265000-E41D-4F36-88DD-353114DE2CEA}.Debug|Any CPU.Build.0 = Debug|Any CPU
		{10265000-E41D-4F36-88DD-353114DE2CEA}.EasyTest|Any CPU.ActiveCfg = EasyTest|Any CPU
		{10265000-E41D-4F36-88DD-353114DE2CEA}.EasyTest|Any CPU.Build.0 = EasyTest|Any CPU
		{10265000-E41D-4F36-88DD-353114DE2CEA}.Release|Any CPU.ActiveCfg = Release|Any CPU
		{10265000-E41D-4F36-88DD-353114DE2CEA}.Release|Any CPU.Build.0 = Release|Any CPU
	EndGlobalSection
	GlobalSection(SolutionProperties) = preSolution
		HideSolutionNode = FALSE
	EndGlobalSection
EndGlobal
